
Microsoft Visual Studio Solution File, Format Version 12.00
# Visual Studio Version 17
VisualStudioVersion = 17.13.35931.197 d17.13
MinimumVisualStudioVersion = 10.0.40219.1
Project("{FAE04EC0-301F-11D3-BF4B-00C04F79EFBC}") = "NodeLinkEditor", "NodeLinkEditor.csproj", "{DF0300C8-058C-AEFB-AFA8-8768EE9B7EFF}"
EndProject
Global
	GlobalSection(SolutionConfigurationPlatforms) = preSolution
		Debug|Any CPU = Debug|Any CPU
		Release|Any CPU = Release|Any CPU
	EndGlobalSection
	GlobalSection(ProjectConfigurationPlatforms) = postSolution
		{DF0300C8-058C-AEFB-AFA8-8768EE9B7EFF}.Debug|Any CPU.ActiveCfg = Debug|Any CPU
		{DF0300C8-058C-AEFB-AFA8-8768EE9B7EFF}.Debug|Any CPU.Build.0 = Debug|Any CPU
		{DF0300C8-058C-AEFB-AFA8-8768EE9B7EFF}.Release|Any CPU.ActiveCfg = Release|Any CPU
		{DF0300C8-058C-AEFB-AFA8-8768EE9B7EFF}.Release|Any CPU.Build.0 = Release|Any CPU
	EndGlobalSection
	GlobalSection(SolutionProperties) = preSolution
		HideSolutionNode = FALSE
	EndGlobalSection
	GlobalSection(ExtensibilityGlobals) = postSolution
		SolutionGuid = {2735F3CB-75F9-4707-B7E2-366771072358}
	EndGlobalSection
EndGlobal
